// !$*UTF8*$!
{
	archiveVersion = 1;
	classes = {
	};
	objectVersion = 50;
	objects = {

/* Begin PBXBuildFile section */
		8E77126622F4675900B763DF /* Identity.swift in Sources */ = {isa = PBXBuildFile; fileRef = 8E77126522F4675900B763DF /* Identity.swift */; };
		8E77126922F522DA00B763DF /* Constants.swift in Sources */ = {isa = PBXBuildFile; fileRef = 8E77126822F522DA00B763DF /* Constants.swift */; };
		8E77126D22F567D400B763DF /* LocationWeatherHeaderView.swift in Sources */ = {isa = PBXBuildFile; fileRef = 8E77126C22F567D400B763DF /* LocationWeatherHeaderView.swift */; };
		8E77126F22F5757F00B763DF /* DailyCell.swift in Sources */ = {isa = PBXBuildFile; fileRef = 8E77126E22F5757E00B763DF /* DailyCell.swift */; };
		8E77127122F5759700B763DF /* SummaryCell.swift in Sources */ = {isa = PBXBuildFile; fileRef = 8E77127022F5759700B763DF /* SummaryCell.swift */; };
		8E77127322F575A000B763DF /* SubInfoCell.swift in Sources */ = {isa = PBXBuildFile; fileRef = 8E77127222F575A000B763DF /* SubInfoCell.swift */; };
		8E77127522F5783C00B763DF /* HourlyCollectionView.swift in Sources */ = {isa = PBXBuildFile; fileRef = 8E77127422F5783C00B763DF /* HourlyCollectionView.swift */; };
		8E77127A22F59CD300B763DF /* LocationWeatherCollectionView.swift in Sources */ = {isa = PBXBuildFile; fileRef = 8E77127922F59CD300B763DF /* LocationWeatherCollectionView.swift */; };
		8E77127C22F5A5BA00B763DF /* MyWeatherListFooterView.swift in Sources */ = {isa = PBXBuildFile; fileRef = 8E77127B22F5A5BA00B763DF /* MyWeatherListFooterView.swift */; };
		8E77128122F5B84C00B763DF /* HourlyCollectionCell.swift in Sources */ = {isa = PBXBuildFile; fileRef = 8E77128022F5B84C00B763DF /* HourlyCollectionCell.swift */; };
		8E77128322F67DF200B763DF /* SeparateLineView.swift in Sources */ = {isa = PBXBuildFile; fileRef = 8E77128222F67DF200B763DF /* SeparateLineView.swift */; };
		8E77128522F6871700B763DF /* DailyWeatherCollectionCell.swift in Sources */ = {isa = PBXBuildFile; fileRef = 8E77128422F6871700B763DF /* DailyWeatherCollectionCell.swift */; };
		8E77128822F6C0FF00B763DF /* SubInfoCollectionCell.swift in Sources */ = {isa = PBXBuildFile; fileRef = 8E77128722F6C0FF00B763DF /* SubInfoCollectionCell.swift */; };
		8E77128A22F6DA5000B763DF /* SampleData.swift in Sources */ = {isa = PBXBuildFile; fileRef = 8E77128922F6DA5000B763DF /* SampleData.swift */; };
		8E77128C22F6DFC700B763DF /* UIVIewExtensions.swift in Sources */ = {isa = PBXBuildFile; fileRef = 8E77128B22F6DFC700B763DF /* UIVIewExtensions.swift */; };
		8E77128E22F6DFF800B763DF /* TableCollectionExtensions.swift in Sources */ = {isa = PBXBuildFile; fileRef = 8E77128D22F6DFF800B763DF /* TableCollectionExtensions.swift */; };
		8E77129022F6E5F700B763DF /* ServiceError.swift in Sources */ = {isa = PBXBuildFile; fileRef = 8E77128F22F6E5F700B763DF /* ServiceError.swift */; };
		8E77129222F6E66900B763DF /* WeatherServiceType.swift in Sources */ = {isa = PBXBuildFile; fileRef = 8E77129122F6E66900B763DF /* WeatherServiceType.swift */; };
		8E77129622F7BEC500B763DF /* WeatherService.swift in Sources */ = {isa = PBXBuildFile; fileRef = 8E77129522F7BEC500B763DF /* WeatherService.swift */; };
		8E77129A22F7DA7E00B763DF /* Currently.swift in Sources */ = {isa = PBXBuildFile; fileRef = 8E77129922F7DA7E00B763DF /* Currently.swift */; };
		8E77129C22F7EBF100B763DF /* Hourly.swift in Sources */ = {isa = PBXBuildFile; fileRef = 8E77129B22F7EBF100B763DF /* Hourly.swift */; };
		8E77129E22F7EEDC00B763DF /* Daily.swift in Sources */ = {isa = PBXBuildFile; fileRef = 8E77129D22F7EEDC00B763DF /* Daily.swift */; };
		8E7712A322F8481000B763DF /* WeatherExtensions.swift in Sources */ = {isa = PBXBuildFile; fileRef = 8E7712A222F8481000B763DF /* WeatherExtensions.swift */; };
		8E7712A522F888E600B763DF /* DailyWeatherCollectionView.swift in Sources */ = {isa = PBXBuildFile; fileRef = 8E7712A422F888E600B763DF /* DailyWeatherCollectionView.swift */; };
		8E7712A722F890BF00B763DF /* SubInfoCollectionView.swift in Sources */ = {isa = PBXBuildFile; fileRef = 8E7712A622F890BF00B763DF /* SubInfoCollectionView.swift */; };
		8E7712A922F8AA8A00B763DF /* SubInfo.swift in Sources */ = {isa = PBXBuildFile; fileRef = 8E7712A822F8AA8A00B763DF /* SubInfo.swift */; };
		8E7712AB22F94CFF00B763DF /* AlertExtensions.swift in Sources */ = {isa = PBXBuildFile; fileRef = 8E7712AA22F94CFF00B763DF /* AlertExtensions.swift */; };
		8E7712AD22F99A4F00B763DF /* SearchLocationViewController.swift in Sources */ = {isa = PBXBuildFile; fileRef = 8E7712AC22F99A4F00B763DF /* SearchLocationViewController.swift */; };
		8E7712AF22F9C1B100B763DF /* DataManager.swift in Sources */ = {isa = PBXBuildFile; fileRef = 8E7712AE22F9C1B100B763DF /* DataManager.swift */; };
		8E7712B322F9D13500B763DF /* Weather.swift in Sources */ = {isa = PBXBuildFile; fileRef = 8E7712B222F9D13500B763DF /* Weather.swift */; };
		8E7712B522FA0CE500B763DF /* MyWeatherCollectionCell.swift in Sources */ = {isa = PBXBuildFile; fileRef = 8E7712B422FA0CE500B763DF /* MyWeatherCollectionCell.swift */; };
		8E7712B822FA7E5B00B763DF /* Location.swift in Sources */ = {isa = PBXBuildFile; fileRef = 8E7712B722FA7E5B00B763DF /* Location.swift */; };
		8E9F6DC922F3C7F900DB9869 /* ErrorLog.swift in Sources */ = {isa = PBXBuildFile; fileRef = 8E9F6DC822F3C7F900DB9869 /* ErrorLog.swift */; };
		8E9F6DD022F3D2FC00DB9869 /* CurrentLocationWeatherView.swift in Sources */ = {isa = PBXBuildFile; fileRef = 8E9F6DCF22F3D2FC00DB9869 /* CurrentLocationWeatherView.swift */; };
		8E9F6DE722F3DA6200DB9869 /* MyWeatherListViewController.swift in Sources */ = {isa = PBXBuildFile; fileRef = 8E9F6DE622F3DA6200DB9869 /* MyWeatherListViewController.swift */; };
		8E9F6DF522F44DBA00DB9869 /* WeatherToolBar.swift in Sources */ = {isa = PBXBuildFile; fileRef = 8E9F6DF422F44DBA00DB9869 /* WeatherToolBar.swift */; };
		8EC2171322F1D787006CFD1D /* AppDelegate.swift in Sources */ = {isa = PBXBuildFile; fileRef = 8EC2171222F1D787006CFD1D /* AppDelegate.swift */; };
		8EC2171522F1D787006CFD1D /* WeatherViewController.swift in Sources */ = {isa = PBXBuildFile; fileRef = 8EC2171422F1D787006CFD1D /* WeatherViewController.swift */; };
		8EC2171A22F1D789006CFD1D /* Assets.xcassets in Resources */ = {isa = PBXBuildFile; fileRef = 8EC2171922F1D789006CFD1D /* Assets.xcassets */; };
		8EC2171D22F1D789006CFD1D /* LaunchScreen.storyboard in Resources */ = {isa = PBXBuildFile; fileRef = 8EC2171B22F1D789006CFD1D /* LaunchScreen.storyboard */; };
		8EC2172B22F1F057006CFD1D /* WeatherCollectionCell.swift in Sources */ = {isa = PBXBuildFile; fileRef = 8EC2172A22F1F057006CFD1D /* WeatherCollectionCell.swift */; };
		8EC2172D22F1F3D9006CFD1D /* Logger.swift in Sources */ = {isa = PBXBuildFile; fileRef = 8EC2172C22F1F3D9006CFD1D /* Logger.swift */; };
		8EC2173522F1F41B006CFD1D /* Identifiable.swift in Sources */ = {isa = PBXBuildFile; fileRef = 8EC2173322F1F41B006CFD1D /* Identifiable.swift */; };
/* End PBXBuildFile section */

/* Begin PBXFileReference section */
		8E77126522F4675900B763DF /* Identity.swift */ = {isa = PBXFileReference; lastKnownFileType = sourcecode.swift; path = Identity.swift; sourceTree = "<group>"; };
		8E77126822F522DA00B763DF /* Constants.swift */ = {isa = PBXFileReference; lastKnownFileType = sourcecode.swift; path = Constants.swift; sourceTree = "<group>"; };
		8E77126C22F567D400B763DF /* LocationWeatherHeaderView.swift */ = {isa = PBXFileReference; lastKnownFileType = sourcecode.swift; path = LocationWeatherHeaderView.swift; sourceTree = "<group>"; };
		8E77126E22F5757E00B763DF /* DailyCell.swift */ = {isa = PBXFileReference; lastKnownFileType = sourcecode.swift; path = DailyCell.swift; sourceTree = "<group>"; };
		8E77127022F5759700B763DF /* SummaryCell.swift */ = {isa = PBXFileReference; lastKnownFileType = sourcecode.swift; path = SummaryCell.swift; sourceTree = "<group>"; };
		8E77127222F575A000B763DF /* SubInfoCell.swift */ = {isa = PBXFileReference; lastKnownFileType = sourcecode.swift; path = SubInfoCell.swift; sourceTree = "<group>"; };
		8E77127422F5783C00B763DF /* HourlyCollectionView.swift */ = {isa = PBXFileReference; lastKnownFileType = sourcecode.swift; path = HourlyCollectionView.swift; sourceTree = "<group>"; };
		8E77127922F59CD300B763DF /* LocationWeatherCollectionView.swift */ = {isa = PBXFileReference; lastKnownFileType = sourcecode.swift; path = LocationWeatherCollectionView.swift; sourceTree = "<group>"; };
		8E77127B22F5A5BA00B763DF /* MyWeatherListFooterView.swift */ = {isa = PBXFileReference; lastKnownFileType = sourcecode.swift; path = MyWeatherListFooterView.swift; sourceTree = "<group>"; };
		8E77128022F5B84C00B763DF /* HourlyCollectionCell.swift */ = {isa = PBXFileReference; lastKnownFileType = sourcecode.swift; path = HourlyCollectionCell.swift; sourceTree = "<group>"; };
		8E77128222F67DF200B763DF /* SeparateLineView.swift */ = {isa = PBXFileReference; lastKnownFileType = sourcecode.swift; path = SeparateLineView.swift; sourceTree = "<group>"; };
		8E77128422F6871700B763DF /* DailyWeatherCollectionCell.swift */ = {isa = PBXFileReference; lastKnownFileType = sourcecode.swift; path = DailyWeatherCollectionCell.swift; sourceTree = "<group>"; };
		8E77128722F6C0FF00B763DF /* SubInfoCollectionCell.swift */ = {isa = PBXFileReference; lastKnownFileType = sourcecode.swift; path = SubInfoCollectionCell.swift; sourceTree = "<group>"; };
		8E77128922F6DA5000B763DF /* SampleData.swift */ = {isa = PBXFileReference; lastKnownFileType = sourcecode.swift; path = SampleData.swift; sourceTree = "<group>"; };
		8E77128B22F6DFC700B763DF /* UIVIewExtensions.swift */ = {isa = PBXFileReference; lastKnownFileType = sourcecode.swift; path = UIVIewExtensions.swift; sourceTree = "<group>"; };
		8E77128D22F6DFF800B763DF /* TableCollectionExtensions.swift */ = {isa = PBXFileReference; lastKnownFileType = sourcecode.swift; path = TableCollectionExtensions.swift; sourceTree = "<group>"; };
		8E77128F22F6E5F700B763DF /* ServiceError.swift */ = {isa = PBXFileReference; lastKnownFileType = sourcecode.swift; path = ServiceError.swift; sourceTree = "<group>"; };
		8E77129122F6E66900B763DF /* WeatherServiceType.swift */ = {isa = PBXFileReference; lastKnownFileType = sourcecode.swift; path = WeatherServiceType.swift; sourceTree = "<group>"; };
		8E77129522F7BEC500B763DF /* WeatherService.swift */ = {isa = PBXFileReference; lastKnownFileType = sourcecode.swift; path = WeatherService.swift; sourceTree = "<group>"; };
		8E77129922F7DA7E00B763DF /* Currently.swift */ = {isa = PBXFileReference; lastKnownFileType = sourcecode.swift; path = Currently.swift; sourceTree = "<group>"; };
		8E77129B22F7EBF100B763DF /* Hourly.swift */ = {isa = PBXFileReference; lastKnownFileType = sourcecode.swift; path = Hourly.swift; sourceTree = "<group>"; };
		8E77129D22F7EEDC00B763DF /* Daily.swift */ = {isa = PBXFileReference; lastKnownFileType = sourcecode.swift; path = Daily.swift; sourceTree = "<group>"; };
		8E7712A222F8481000B763DF /* WeatherExtensions.swift */ = {isa = PBXFileReference; lastKnownFileType = sourcecode.swift; path = WeatherExtensions.swift; sourceTree = "<group>"; };
		8E7712A422F888E600B763DF /* DailyWeatherCollectionView.swift */ = {isa = PBXFileReference; lastKnownFileType = sourcecode.swift; path = DailyWeatherCollectionView.swift; sourceTree = "<group>"; };
		8E7712A622F890BF00B763DF /* SubInfoCollectionView.swift */ = {isa = PBXFileReference; lastKnownFileType = sourcecode.swift; path = SubInfoCollectionView.swift; sourceTree = "<group>"; };
		8E7712A822F8AA8A00B763DF /* SubInfo.swift */ = {isa = PBXFileReference; lastKnownFileType = sourcecode.swift; path = SubInfo.swift; sourceTree = "<group>"; };
		8E7712AA22F94CFF00B763DF /* AlertExtensions.swift */ = {isa = PBXFileReference; lastKnownFileType = sourcecode.swift; path = AlertExtensions.swift; sourceTree = "<group>"; };
		8E7712AC22F99A4F00B763DF /* SearchLocationViewController.swift */ = {isa = PBXFileReference; lastKnownFileType = sourcecode.swift; path = SearchLocationViewController.swift; sourceTree = "<group>"; };
		8E7712AE22F9C1B100B763DF /* DataManager.swift */ = {isa = PBXFileReference; lastKnownFileType = sourcecode.swift; path = DataManager.swift; sourceTree = "<group>"; };
		8E7712B222F9D13500B763DF /* Weather.swift */ = {isa = PBXFileReference; lastKnownFileType = sourcecode.swift; path = Weather.swift; sourceTree = "<group>"; };
		8E7712B422FA0CE500B763DF /* MyWeatherCollectionCell.swift */ = {isa = PBXFileReference; lastKnownFileType = sourcecode.swift; path = MyWeatherCollectionCell.swift; sourceTree = "<group>"; };
		8E7712B722FA7E5B00B763DF /* Location.swift */ = {isa = PBXFileReference; lastKnownFileType = sourcecode.swift; path = Location.swift; sourceTree = "<group>"; };
		8E9F6DC822F3C7F900DB9869 /* ErrorLog.swift */ = {isa = PBXFileReference; lastKnownFileType = sourcecode.swift; path = ErrorLog.swift; sourceTree = "<group>"; };
		8E9F6DCF22F3D2FC00DB9869 /* CurrentLocationWeatherView.swift */ = {isa = PBXFileReference; lastKnownFileType = sourcecode.swift; path = CurrentLocationWeatherView.swift; sourceTree = "<group>"; };
		8E9F6DE622F3DA6200DB9869 /* MyWeatherListViewController.swift */ = {isa = PBXFileReference; lastKnownFileType = sourcecode.swift; path = MyWeatherListViewController.swift; sourceTree = "<group>"; };
		8E9F6DF422F44DBA00DB9869 /* WeatherToolBar.swift */ = {isa = PBXFileReference; lastKnownFileType = sourcecode.swift; path = WeatherToolBar.swift; sourceTree = "<group>"; };
		8EC2170F22F1D787006CFD1D /* WeatherApp_KakaoPay.app */ = {isa = PBXFileReference; explicitFileType = wrapper.application; includeInIndex = 0; path = WeatherApp_KakaoPay.app; sourceTree = BUILT_PRODUCTS_DIR; };
		8EC2171222F1D787006CFD1D /* AppDelegate.swift */ = {isa = PBXFileReference; lastKnownFileType = sourcecode.swift; path = AppDelegate.swift; sourceTree = "<group>"; };
		8EC2171422F1D787006CFD1D /* WeatherViewController.swift */ = {isa = PBXFileReference; lastKnownFileType = sourcecode.swift; path = WeatherViewController.swift; sourceTree = "<group>"; };
		8EC2171922F1D789006CFD1D /* Assets.xcassets */ = {isa = PBXFileReference; lastKnownFileType = folder.assetcatalog; path = Assets.xcassets; sourceTree = "<group>"; };
		8EC2171C22F1D789006CFD1D /* Base */ = {isa = PBXFileReference; lastKnownFileType = file.storyboard; name = Base; path = Base.lproj/LaunchScreen.storyboard; sourceTree = "<group>"; };
		8EC2171E22F1D789006CFD1D /* Info.plist */ = {isa = PBXFileReference; lastKnownFileType = text.plist.xml; path = Info.plist; sourceTree = "<group>"; };
		8EC2172A22F1F057006CFD1D /* WeatherCollectionCell.swift */ = {isa = PBXFileReference; lastKnownFileType = sourcecode.swift; path = WeatherCollectionCell.swift; sourceTree = "<group>"; };
		8EC2172C22F1F3D9006CFD1D /* Logger.swift */ = {isa = PBXFileReference; fileEncoding = 4; lastKnownFileType = sourcecode.swift; path = Logger.swift; sourceTree = "<group>"; };
		8EC2173322F1F41B006CFD1D /* Identifiable.swift */ = {isa = PBXFileReference; fileEncoding = 4; lastKnownFileType = sourcecode.swift; path = Identifiable.swift; sourceTree = "<group>"; };
/* End PBXFileReference section */

/* Begin PBXFrameworksBuildPhase section */
		8EC2170C22F1D787006CFD1D /* Frameworks */ = {
			isa = PBXFrameworksBuildPhase;
			buildActionMask = 2147483647;
			files = (
			);
			runOnlyForDeploymentPostprocessing = 0;
		};
/* End PBXFrameworksBuildPhase section */

/* Begin PBXGroup section */
		8E77127622F5814900B763DF /* HeaderView */ = {
			isa = PBXGroup;
			children = (
				8E77126C22F567D400B763DF /* LocationWeatherHeaderView.swift */,
				8E77127422F5783C00B763DF /* HourlyCollectionView.swift */,
				8E77128022F5B84C00B763DF /* HourlyCollectionCell.swift */,
			);
			path = HeaderView;
			sourceTree = "<group>";
		};
		8E77128622F6AC7A00B763DF /* FirstCell */ = {
			isa = PBXGroup;
			children = (
				8E77126E22F5757E00B763DF /* DailyCell.swift */,
				8E7712A422F888E600B763DF /* DailyWeatherCollectionView.swift */,
				8E77128422F6871700B763DF /* DailyWeatherCollectionCell.swift */,
			);
			path = FirstCell;
			sourceTree = "<group>";
		};
		8E77129F22F8136300B763DF /* ThirdCell */ = {
			isa = PBXGroup;
			children = (
				8E77127222F575A000B763DF /* SubInfoCell.swift */,
				8E7712A622F890BF00B763DF /* SubInfoCollectionView.swift */,
				8E77128722F6C0FF00B763DF /* SubInfoCollectionCell.swift */,
			);
			path = ThirdCell;
			sourceTree = "<group>";
		};
		8E7712A022F817A400B763DF /* SecondCell */ = {
			isa = PBXGroup;
			children = (
				8E77127022F5759700B763DF /* SummaryCell.swift */,
			);
			path = SecondCell;
			sourceTree = "<group>";
		};
		8E7712B622FA356200B763DF /* MyWeatherList */ = {
			isa = PBXGroup;
			children = (
				8E9F6DE622F3DA6200DB9869 /* MyWeatherListViewController.swift */,
				8E7712B422FA0CE500B763DF /* MyWeatherCollectionCell.swift */,
				8E77127B22F5A5BA00B763DF /* MyWeatherListFooterView.swift */,
			);
			path = MyWeatherList;
			sourceTree = "<group>";
		};
		8E9F6DE422F3DA1000DB9869 /* LocationWeatherCollectionView */ = {
			isa = PBXGroup;
			children = (
				8E9F6DCF22F3D2FC00DB9869 /* CurrentLocationWeatherView.swift */,
				8E77127922F59CD300B763DF /* LocationWeatherCollectionView.swift */,
				8E77127622F5814900B763DF /* HeaderView */,
				8E77128622F6AC7A00B763DF /* FirstCell */,
				8E7712A022F817A400B763DF /* SecondCell */,
				8E77129F22F8136300B763DF /* ThirdCell */,
			);
			path = LocationWeatherCollectionView;
			sourceTree = "<group>";
		};
		8E9F6DE522F3DA2200DB9869 /* WeatherToolBar */ = {
			isa = PBXGroup;
			children = (
				8E9F6DF422F44DBA00DB9869 /* WeatherToolBar.swift */,
				8E7712B622FA356200B763DF /* MyWeatherList */,
				8E7712AC22F99A4F00B763DF /* SearchLocationViewController.swift */,
			);
			name = WeatherToolBar;
			path = "Footer(View로 할지 Colelction Footer 로 할지)";
			sourceTree = "<group>";
		};
		8E9F6DF322F449B500DB9869 /* Weather */ = {
			isa = PBXGroup;
			children = (
				8EC2171422F1D787006CFD1D /* WeatherViewController.swift */,
				8E77128222F67DF200B763DF /* SeparateLineView.swift */,
				8EC2172A22F1F057006CFD1D /* WeatherCollectionCell.swift */,
				8E9F6DE422F3DA1000DB9869 /* LocationWeatherCollectionView */,
				8E9F6DE522F3DA2200DB9869 /* WeatherToolBar */,
			);
			path = Weather;
			sourceTree = "<group>";
		};
		8EC2170622F1D787006CFD1D = {
			isa = PBXGroup;
			children = (
				8EC2171122F1D787006CFD1D /* WeatherApp_KakaoPay */,
				8EC2171022F1D787006CFD1D /* Products */,
			);
			sourceTree = "<group>";
		};
		8EC2171022F1D787006CFD1D /* Products */ = {
			isa = PBXGroup;
			children = (
				8EC2170F22F1D787006CFD1D /* WeatherApp_KakaoPay.app */,
			);
			name = Products;
			sourceTree = "<group>";
		};
		8EC2171122F1D787006CFD1D /* WeatherApp_KakaoPay */ = {
			isa = PBXGroup;
			children = (
				8EC2172422F1E238006CFD1D /* Source */,
				8EC2172822F1E28D006CFD1D /* Resource */,
				8EC2172922F1E293006CFD1D /* SupportingFiles */,
			);
			path = WeatherApp_KakaoPay;
			sourceTree = "<group>";
		};
		8EC2172422F1E238006CFD1D /* Source */ = {
			isa = PBXGroup;
			children = (
				8EC2171222F1D787006CFD1D /* AppDelegate.swift */,
				8E9F6DF322F449B500DB9869 /* Weather */,
				8EC2172522F1E261006CFD1D /* DataModel */,
				8EC2172622F1E277006CFD1D /* Service */,
				8EC2172722F1E281006CFD1D /* Utility */,
			);
			path = Source;
			sourceTree = "<group>";
		};
		8EC2172522F1E261006CFD1D /* DataModel */ = {
			isa = PBXGroup;
			children = (
				8E7712AE22F9C1B100B763DF /* DataManager.swift */,
				8E7712B222F9D13500B763DF /* Weather.swift */,
				8E77129922F7DA7E00B763DF /* Currently.swift */,
				8E77129B22F7EBF100B763DF /* Hourly.swift */,
				8E77129D22F7EEDC00B763DF /* Daily.swift */,
				8E7712A822F8AA8A00B763DF /* SubInfo.swift */,
				8E7712B722FA7E5B00B763DF /* Location.swift */,
				8E77128922F6DA5000B763DF /* SampleData.swift */,
			);
			path = DataModel;
			sourceTree = "<group>";
		};
		8EC2172622F1E277006CFD1D /* Service */ = {
			isa = PBXGroup;
			children = (
				8E77128F22F6E5F700B763DF /* ServiceError.swift */,
				8E77129122F6E66900B763DF /* WeatherServiceType.swift */,
				8E77129522F7BEC500B763DF /* WeatherService.swift */,
			);
			path = Service;
			sourceTree = "<group>";
		};
		8EC2172722F1E281006CFD1D /* Utility */ = {
			isa = PBXGroup;
			children = (
				8EC2172F22F1F3E4006CFD1D /* Extensions */,
				8EC2172E22F1F3DF006CFD1D /* Helper */,
			);
			path = Utility;
			sourceTree = "<group>";
		};
		8EC2172822F1E28D006CFD1D /* Resource */ = {
			isa = PBXGroup;
			children = (
				8EC2171922F1D789006CFD1D /* Assets.xcassets */,
			);
			path = Resource;
			sourceTree = "<group>";
		};
		8EC2172922F1E293006CFD1D /* SupportingFiles */ = {
			isa = PBXGroup;
			children = (
				8EC2171B22F1D789006CFD1D /* LaunchScreen.storyboard */,
				8EC2171E22F1D789006CFD1D /* Info.plist */,
			);
			path = SupportingFiles;
			sourceTree = "<group>";
		};
		8EC2172E22F1F3DF006CFD1D /* Helper */ = {
			isa = PBXGroup;
			children = (
				8EC2172C22F1F3D9006CFD1D /* Logger.swift */,
				8E77126822F522DA00B763DF /* Constants.swift */,
				8E9F6DC822F3C7F900DB9869 /* ErrorLog.swift */,
				8E77126522F4675900B763DF /* Identity.swift */,
			);
			path = Helper;
			sourceTree = "<group>";
		};
		8EC2172F22F1F3E4006CFD1D /* Extensions */ = {
			isa = PBXGroup;
			children = (
				8E77128B22F6DFC700B763DF /* UIVIewExtensions.swift */,
				8E77128D22F6DFF800B763DF /* TableCollectionExtensions.swift */,
				8EC2173322F1F41B006CFD1D /* Identifiable.swift */,
				8E7712AA22F94CFF00B763DF /* AlertExtensions.swift */,
				8E7712A222F8481000B763DF /* WeatherExtensions.swift */,
			);
			path = Extensions;
			sourceTree = "<group>";
		};
/* End PBXGroup section */

/* Begin PBXNativeTarget section */
		8EC2170E22F1D787006CFD1D /* WeatherApp_KakaoPay */ = {
			isa = PBXNativeTarget;
			buildConfigurationList = 8EC2172122F1D789006CFD1D /* Build configuration list for PBXNativeTarget "WeatherApp_KakaoPay" */;
			buildPhases = (
				8EC2170B22F1D787006CFD1D /* Sources */,
				8EC2170C22F1D787006CFD1D /* Frameworks */,
				8EC2170D22F1D787006CFD1D /* Resources */,
			);
			buildRules = (
			);
			dependencies = (
			);
			name = WeatherApp_KakaoPay;
			productName = WeatherApp_KakaoPay;
			productReference = 8EC2170F22F1D787006CFD1D /* WeatherApp_KakaoPay.app */;
			productType = "com.apple.product-type.application";
		};
/* End PBXNativeTarget section */

/* Begin PBXProject section */
		8EC2170722F1D787006CFD1D /* Project object */ = {
			isa = PBXProject;
			attributes = {
				LastSwiftUpdateCheck = 1020;
				LastUpgradeCheck = 1020;
				ORGANIZATIONNAME = "chang sic jung";
				TargetAttributes = {
					8EC2170E22F1D787006CFD1D = {
						CreatedOnToolsVersion = 10.2.1;
					};
				};
			};
			buildConfigurationList = 8EC2170A22F1D787006CFD1D /* Build configuration list for PBXProject "WeatherApp_KakaoPay" */;
			compatibilityVersion = "Xcode 9.3";
			developmentRegion = en;
			hasScannedForEncodings = 0;
			knownRegions = (
				en,
				Base,
			);
			mainGroup = 8EC2170622F1D787006CFD1D;
			productRefGroup = 8EC2171022F1D787006CFD1D /* Products */;
			projectDirPath = "";
			projectRoot = "";
			targets = (
				8EC2170E22F1D787006CFD1D /* WeatherApp_KakaoPay */,
			);
		};
/* End PBXProject section */

/* Begin PBXResourcesBuildPhase section */
		8EC2170D22F1D787006CFD1D /* Resources */ = {
			isa = PBXResourcesBuildPhase;
			buildActionMask = 2147483647;
			files = (
				8EC2171D22F1D789006CFD1D /* LaunchScreen.storyboard in Resources */,
				8EC2171A22F1D789006CFD1D /* Assets.xcassets in Resources */,
			);
			runOnlyForDeploymentPostprocessing = 0;
		};
/* End PBXResourcesBuildPhase section */

/* Begin PBXSourcesBuildPhase section */
		8EC2170B22F1D787006CFD1D /* Sources */ = {
			isa = PBXSourcesBuildPhase;
			buildActionMask = 2147483647;
			files = (
				8E77128C22F6DFC700B763DF /* UIVIewExtensions.swift in Sources */,
				8E77128E22F6DFF800B763DF /* TableCollectionExtensions.swift in Sources */,
				8E9F6DE722F3DA6200DB9869 /* MyWeatherListViewController.swift in Sources */,
				8E7712A322F8481000B763DF /* WeatherExtensions.swift in Sources */,
				8E77128822F6C0FF00B763DF /* SubInfoCollectionCell.swift in Sources */,
				8E77127C22F5A5BA00B763DF /* MyWeatherListFooterView.swift in Sources */,
				8E77129E22F7EEDC00B763DF /* Daily.swift in Sources */,
				8EC2171522F1D787006CFD1D /* WeatherViewController.swift in Sources */,
				8E77126622F4675900B763DF /* Identity.swift in Sources */,
				8E77129222F6E66900B763DF /* WeatherServiceType.swift in Sources */,
				8E77128A22F6DA5000B763DF /* SampleData.swift in Sources */,
				8EC2172B22F1F057006CFD1D /* WeatherCollectionCell.swift in Sources */,
				8E7712B322F9D13500B763DF /* Weather.swift in Sources */,
				8E7712A722F890BF00B763DF /* SubInfoCollectionView.swift in Sources */,
				8E77129C22F7EBF100B763DF /* Hourly.swift in Sources */,
				8E77129A22F7DA7E00B763DF /* Currently.swift in Sources */,
				8E7712AB22F94CFF00B763DF /* AlertExtensions.swift in Sources */,
				8E7712B522FA0CE500B763DF /* MyWeatherCollectionCell.swift in Sources */,
				8E77127A22F59CD300B763DF /* LocationWeatherCollectionView.swift in Sources */,
				8E77126D22F567D400B763DF /* LocationWeatherHeaderView.swift in Sources */,
				8E77129022F6E5F700B763DF /* ServiceError.swift in Sources */,
				8E77129622F7BEC500B763DF /* WeatherService.swift in Sources */,
				8E77128322F67DF200B763DF /* SeparateLineView.swift in Sources */,
				8E77128522F6871700B763DF /* DailyWeatherCollectionCell.swift in Sources */,
				8E77126F22F5757F00B763DF /* DailyCell.swift in Sources */,
				8EC2171322F1D787006CFD1D /* AppDelegate.swift in Sources */,
				8E77127322F575A000B763DF /* SubInfoCell.swift in Sources */,
				8E77126922F522DA00B763DF /* Constants.swift in Sources */,
				8E7712AD22F99A4F00B763DF /* SearchLocationViewController.swift in Sources */,
				8EC2173522F1F41B006CFD1D /* Identifiable.swift in Sources */,
				8E77127122F5759700B763DF /* SummaryCell.swift in Sources */,
				8E7712AF22F9C1B100B763DF /* DataManager.swift in Sources */,
				8E77127522F5783C00B763DF /* HourlyCollectionView.swift in Sources */,
				8E7712B822FA7E5B00B763DF /* Location.swift in Sources */,
				8EC2172D22F1F3D9006CFD1D /* Logger.swift in Sources */,
				8E7712A522F888E600B763DF /* DailyWeatherCollectionView.swift in Sources */,
				8E7712A922F8AA8A00B763DF /* SubInfo.swift in Sources */,
				8E9F6DD022F3D2FC00DB9869 /* CurrentLocationWeatherView.swift in Sources */,
				8E9F6DC922F3C7F900DB9869 /* ErrorLog.swift in Sources */,
				8E9F6DF522F44DBA00DB9869 /* WeatherToolBar.swift in Sources */,
				8E77128122F5B84C00B763DF /* HourlyCollectionCell.swift in Sources */,
			);
			runOnlyForDeploymentPostprocessing = 0;
		};
/* End PBXSourcesBuildPhase section */

/* Begin PBXVariantGroup section */
		8EC2171B22F1D789006CFD1D /* LaunchScreen.storyboard */ = {
			isa = PBXVariantGroup;
			children = (
				8EC2171C22F1D789006CFD1D /* Base */,
			);
			name = LaunchScreen.storyboard;
			sourceTree = "<group>";
		};
/* End PBXVariantGroup section */

/* Begin XCBuildConfiguration section */
		8EC2171F22F1D789006CFD1D /* Debug */ = {
			isa = XCBuildConfiguration;
			buildSettings = {
				ALWAYS_SEARCH_USER_PATHS = NO;
				CLANG_ANALYZER_NONNULL = YES;
				CLANG_ANALYZER_NUMBER_OBJECT_CONVERSION = YES_AGGRESSIVE;
				CLANG_CXX_LANGUAGE_STANDARD = "gnu++14";
				CLANG_CXX_LIBRARY = "libc++";
				CLANG_ENABLE_MODULES = YES;
				CLANG_ENABLE_OBJC_ARC = YES;
				CLANG_ENABLE_OBJC_WEAK = YES;
				CLANG_WARN_BLOCK_CAPTURE_AUTORELEASING = YES;
				CLANG_WARN_BOOL_CONVERSION = YES;
				CLANG_WARN_COMMA = YES;
				CLANG_WARN_CONSTANT_CONVERSION = YES;
				CLANG_WARN_DEPRECATED_OBJC_IMPLEMENTATIONS = YES;
				CLANG_WARN_DIRECT_OBJC_ISA_USAGE = YES_ERROR;
				CLANG_WARN_DOCUMENTATION_COMMENTS = YES;
				CLANG_WARN_EMPTY_BODY = YES;
				CLANG_WARN_ENUM_CONVERSION = YES;
				CLANG_WARN_INFINITE_RECURSION = YES;
				CLANG_WARN_INT_CONVERSION = YES;
				CLANG_WARN_NON_LITERAL_NULL_CONVERSION = YES;
				CLANG_WARN_OBJC_IMPLICIT_RETAIN_SELF = YES;
				CLANG_WARN_OBJC_LITERAL_CONVERSION = YES;
				CLANG_WARN_OBJC_ROOT_CLASS = YES_ERROR;
				CLANG_WARN_RANGE_LOOP_ANALYSIS = YES;
				CLANG_WARN_STRICT_PROTOTYPES = YES;
				CLANG_WARN_SUSPICIOUS_MOVE = YES;
				CLANG_WARN_UNGUARDED_AVAILABILITY = YES_AGGRESSIVE;
				CLANG_WARN_UNREACHABLE_CODE = YES;
				CLANG_WARN__DUPLICATE_METHOD_MATCH = YES;
				CODE_SIGN_IDENTITY = "iPhone Developer";
				COPY_PHASE_STRIP = NO;
				DEBUG_INFORMATION_FORMAT = dwarf;
				ENABLE_STRICT_OBJC_MSGSEND = YES;
				ENABLE_TESTABILITY = YES;
				GCC_C_LANGUAGE_STANDARD = gnu11;
				GCC_DYNAMIC_NO_PIC = NO;
				GCC_NO_COMMON_BLOCKS = YES;
				GCC_OPTIMIZATION_LEVEL = 0;
				GCC_PREPROCESSOR_DEFINITIONS = (
					"DEBUG=1",
					"$(inherited)",
				);
				GCC_WARN_64_TO_32_BIT_CONVERSION = YES;
				GCC_WARN_ABOUT_RETURN_TYPE = YES_ERROR;
				GCC_WARN_UNDECLARED_SELECTOR = YES;
				GCC_WARN_UNINITIALIZED_AUTOS = YES_AGGRESSIVE;
				GCC_WARN_UNUSED_FUNCTION = YES;
				GCC_WARN_UNUSED_VARIABLE = YES;
				IPHONEOS_DEPLOYMENT_TARGET = 12.2;
				MTL_ENABLE_DEBUG_INFO = INCLUDE_SOURCE;
				MTL_FAST_MATH = YES;
				ONLY_ACTIVE_ARCH = YES;
				SDKROOT = iphoneos;
				SWIFT_ACTIVE_COMPILATION_CONDITIONS = DEBUG;
				SWIFT_OPTIMIZATION_LEVEL = "-Onone";
			};
			name = Debug;
		};
		8EC2172022F1D789006CFD1D /* Release */ = {
			isa = XCBuildConfiguration;
			buildSettings = {
				ALWAYS_SEARCH_USER_PATHS = NO;
				CLANG_ANALYZER_NONNULL = YES;
				CLANG_ANALYZER_NUMBER_OBJECT_CONVERSION = YES_AGGRESSIVE;
				CLANG_CXX_LANGUAGE_STANDARD = "gnu++14";
				CLANG_CXX_LIBRARY = "libc++";
				CLANG_ENABLE_MODULES = YES;
				CLANG_ENABLE_OBJC_ARC = YES;
				CLANG_ENABLE_OBJC_WEAK = YES;
				CLANG_WARN_BLOCK_CAPTURE_AUTORELEASING = YES;
				CLANG_WARN_BOOL_CONVERSION = YES;
				CLANG_WARN_COMMA = YES;
				CLANG_WARN_CONSTANT_CONVERSION = YES;
				CLANG_WARN_DEPRECATED_OBJC_IMPLEMENTATIONS = YES;
				CLANG_WARN_DIRECT_OBJC_ISA_USAGE = YES_ERROR;
				CLANG_WARN_DOCUMENTATION_COMMENTS = YES;
				CLANG_WARN_EMPTY_BODY = YES;
				CLANG_WARN_ENUM_CONVERSION = YES;
				CLANG_WARN_INFINITE_RECURSION = YES;
				CLANG_WARN_INT_CONVERSION = YES;
				CLANG_WARN_NON_LITERAL_NULL_CONVERSION = YES;
				CLANG_WARN_OBJC_IMPLICIT_RETAIN_SELF = YES;
				CLANG_WARN_OBJC_LITERAL_CONVERSION = YES;
				CLANG_WARN_OBJC_ROOT_CLASS = YES_ERROR;
				CLANG_WARN_RANGE_LOOP_ANALYSIS = YES;
				CLANG_WARN_STRICT_PROTOTYPES = YES;
				CLANG_WARN_SUSPICIOUS_MOVE = YES;
				CLANG_WARN_UNGUARDED_AVAILABILITY = YES_AGGRESSIVE;
				CLANG_WARN_UNREACHABLE_CODE = YES;
				CLANG_WARN__DUPLICATE_METHOD_MATCH = YES;
				CODE_SIGN_IDENTITY = "iPhone Developer";
				COPY_PHASE_STRIP = NO;
				DEBUG_INFORMATION_FORMAT = "dwarf-with-dsym";
				ENABLE_NS_ASSERTIONS = NO;
				ENABLE_STRICT_OBJC_MSGSEND = YES;
				GCC_C_LANGUAGE_STANDARD = gnu11;
				GCC_NO_COMMON_BLOCKS = YES;
				GCC_WARN_64_TO_32_BIT_CONVERSION = YES;
				GCC_WARN_ABOUT_RETURN_TYPE = YES_ERROR;
				GCC_WARN_UNDECLARED_SELECTOR = YES;
				GCC_WARN_UNINITIALIZED_AUTOS = YES_AGGRESSIVE;
				GCC_WARN_UNUSED_FUNCTION = YES;
				GCC_WARN_UNUSED_VARIABLE = YES;
				IPHONEOS_DEPLOYMENT_TARGET = 12.2;
				MTL_ENABLE_DEBUG_INFO = NO;
				MTL_FAST_MATH = YES;
				SDKROOT = iphoneos;
				SWIFT_COMPILATION_MODE = wholemodule;
				SWIFT_OPTIMIZATION_LEVEL = "-O";
				VALIDATE_PRODUCT = YES;
			};
			name = Release;
		};
		8EC2172222F1D789006CFD1D /* Debug */ = {
			isa = XCBuildConfiguration;
			buildSettings = {
				ASSETCATALOG_COMPILER_APPICON_NAME = AppIcon;
				CODE_SIGN_STYLE = Automatic;
				DEVELOPMENT_TEAM = KH53J489YG;
				INFOPLIST_FILE = WeatherApp_KakaoPay/SupportingFiles/Info.plist;
				LD_RUNPATH_SEARCH_PATHS = (
					"$(inherited)",
					"@executable_path/Frameworks",
				);
				PRODUCT_BUNDLE_IDENTIFIER = "kr.changsik.WeatherApp-KakaoPay";
				PRODUCT_NAME = "$(TARGET_NAME)";
				SWIFT_VERSION = 5.0;
				TARGETED_DEVICE_FAMILY = "1,2";
			};
			name = Debug;
		};
		8EC2172322F1D789006CFD1D /* Release */ = {
			isa = XCBuildConfiguration;
			buildSettings = {
				ASSETCATALOG_COMPILER_APPICON_NAME = AppIcon;
				CODE_SIGN_STYLE = Automatic;
				DEVELOPMENT_TEAM = KH53J489YG;
				INFOPLIST_FILE = WeatherApp_KakaoPay/SupportingFiles/Info.plist;
				LD_RUNPATH_SEARCH_PATHS = (
					"$(inherited)",
					"@executable_path/Frameworks",
				);
				PRODUCT_BUNDLE_IDENTIFIER = "kr.changsik.WeatherApp-KakaoPay";
				PRODUCT_NAME = "$(TARGET_NAME)";
				SWIFT_VERSION = 5.0;
				TARGETED_DEVICE_FAMILY = "1,2";
			};
			name = Release;
		};
/* End XCBuildConfiguration section */

/* Begin XCConfigurationList section */
		8EC2170A22F1D787006CFD1D /* Build configuration list for PBXProject "WeatherApp_KakaoPay" */ = {
			isa = XCConfigurationList;
			buildConfigurations = (
				8EC2171F22F1D789006CFD1D /* Debug */,
				8EC2172022F1D789006CFD1D /* Release */,
			);
			defaultConfigurationIsVisible = 0;
			defaultConfigurationName = Release;
		};
		8EC2172122F1D789006CFD1D /* Build configuration list for PBXNativeTarget "WeatherApp_KakaoPay" */ = {
			isa = XCConfigurationList;
			buildConfigurations = (
				8EC2172222F1D789006CFD1D /* Debug */,
				8EC2172322F1D789006CFD1D /* Release */,
			);
			defaultConfigurationIsVisible = 0;
			defaultConfigurationName = Release;
		};
/* End XCConfigurationList section */
	};
	rootObject = 8EC2170722F1D787006CFD1D /* Project object */;
}
